
Microsoft Visual Studio Solution File, Format Version 12.00
# Visual Studio Version 16
VisualStudioVersion = 16.0.28729.10
MinimumVisualStudioVersion = 10.0.40219.1
Project("{6EC3EE1D-3C4E-46DD-8F32-0CC8E7565705}") = "Chess.Domain", "Chess.Domain\Chess.Domain.fsproj", "{E2F18796-6DA8-45E4-A1A3-0DB4F80E2624}"
EndProject
Project("{2150E333-8FDC-42A3-9474-1A3956D46DE8}") = "UI", "UI", "{C352872B-5D72-4081-A29A-A8C86F5AB683}"
EndProject
Project("{2150E333-8FDC-42A3-9474-1A3956D46DE8}") = "Fabulous UI", "Fabulous UI", "{4DA72EBA-3BF8-416E-AA80-B2FF49619085}"
EndProject
Project("{6EC3EE1D-3C4E-46DD-8F32-0CC8E7565705}") = "Chess.FabUI", "Chess.FabUI\Chess.FabUI.fsproj", "{28527D6A-4CB7-4AE7-9E98-561833460E6B}"
EndProject
Project("{F2A71F9B-5D33-465A-A702-920D77279786}") = "Chess.FabUI.Android", "Chess.FabUI.Android\Chess.FabUI.Android.fsproj", "{D2599FAB-0CFC-4F8F-8E02-BE2AA50C8929}"
EndProject
Global
	GlobalSection(SolutionConfigurationPlatforms) = preSolution
		Ad-Hoc|Any CPU = Ad-Hoc|Any CPU
		Ad-Hoc|iPhone = Ad-Hoc|iPhone
		Ad-Hoc|iPhoneSimulator = Ad-Hoc|iPhoneSimulator
		AppStore|Any CPU = AppStore|Any CPU
		AppStore|iPhone = AppStore|iPhone
		AppStore|iPhoneSimulator = AppStore|iPhoneSimulator
		Debug|Any CPU = Debug|Any CPU
		Debug|iPhone = Debug|iPhone
		Debug|iPhoneSimulator = Debug|iPhoneSimulator
		Release|Any CPU = Release|Any CPU
		Release|iPhone = Release|iPhone
		Release|iPhoneSimulator = Release|iPhoneSimulator
	EndGlobalSection
	GlobalSection(ProjectConfigurationPlatforms) = postSolution
		{E2F18796-6DA8-45E4-A1A3-0DB4F80E2624}.Ad-Hoc|Any CPU.ActiveCfg = Release|Any CPU
		{E2F18796-6DA8-45E4-A1A3-0DB4F80E2624}.Ad-Hoc|Any CPU.Build.0 = Release|Any CPU
		{E2F18796-6DA8-45E4-A1A3-0DB4F80E2624}.Ad-Hoc|iPhone.ActiveCfg = Release|Any CPU
		{E2F18796-6DA8-45E4-A1A3-0DB4F80E2624}.Ad-Hoc|iPhone.Build.0 = Release|Any CPU
		{E2F18796-6DA8-45E4-A1A3-0DB4F80E2624}.Ad-Hoc|iPhoneSimulator.ActiveCfg = Release|Any CPU
		{E2F18796-6DA8-45E4-A1A3-0DB4F80E2624}.Ad-Hoc|iPhoneSimulator.Build.0 = Release|Any CPU
		{E2F18796-6DA8-45E4-A1A3-0DB4F80E2624}.AppStore|Any CPU.ActiveCfg = Release|Any CPU
		{E2F18796-6DA8-45E4-A1A3-0DB4F80E2624}.AppStore|Any CPU.Build.0 = Release|Any CPU
		{E2F18796-6DA8-45E4-A1A3-0DB4F80E2624}.AppStore|iPhone.ActiveCfg = Release|Any CPU
		{E2F18796-6DA8-45E4-A1A3-0DB4F80E2624}.AppStore|iPhone.Build.0 = Release|Any CPU
		{E2F18796-6DA8-45E4-A1A3-0DB4F80E2624}.AppStore|iPhoneSimulator.ActiveCfg = Release|Any CPU
		{E2F18796-6DA8-45E4-A1A3-0DB4F80E2624}.AppStore|iPhoneSimulator.Build.0 = Release|Any CPU
		{E2F18796-6DA8-45E4-A1A3-0DB4F80E2624}.Debug|Any CPU.ActiveCfg = Debug|Any CPU
		{E2F18796-6DA8-45E4-A1A3-0DB4F80E2624}.Debug|Any CPU.Build.0 = Debug|Any CPU
		{E2F18796-6DA8-45E4-A1A3-0DB4F80E2624}.Debug|iPhone.ActiveCfg = Debug|Any CPU
		{E2F18796-6DA8-45E4-A1A3-0DB4F80E2624}.Debug|iPhone.Build.0 = Debug|Any CPU
		{E2F18796-6DA8-45E4-A1A3-0DB4F80E2624}.Debug|iPhoneSimulator.ActiveCfg = Debug|Any CPU
		{E2F18796-6DA8-45E4-A1A3-0DB4F80E2624}.Debug|iPhoneSimulator.Build.0 = Debug|Any CPU
		{E2F18796-6DA8-45E4-A1A3-0DB4F80E2624}.Release|Any CPU.ActiveCfg = Release|Any CPU
		{E2F18796-6DA8-45E4-A1A3-0DB4F80E2624}.Release|Any CPU.Build.0 = Release|Any CPU
		{E2F18796-6DA8-45E4-A1A3-0DB4F80E2624}.Release|iPhone.ActiveCfg = Release|Any CPU
		{E2F18796-6DA8-45E4-A1A3-0DB4F80E2624}.Release|iPhone.Build.0 = Release|Any CPU
		{E2F18796-6DA8-45E4-A1A3-0DB4F80E2624}.Release|iPhoneSimulator.ActiveCfg = Release|Any CPU
		{E2F18796-6DA8-45E4-A1A3-0DB4F80E2624}.Release|iPhoneSimulator.Build.0 = Release|Any CPU
		{28527D6A-4CB7-4AE7-9E98-561833460E6B}.Ad-Hoc|Any CPU.ActiveCfg = Debug|Any CPU
		{28527D6A-4CB7-4AE7-9E98-561833460E6B}.Ad-Hoc|Any CPU.Build.0 = Debug|Any CPU
		{28527D6A-4CB7-4AE7-9E98-561833460E6B}.Ad-Hoc|iPhone.ActiveCfg = Debug|Any CPU
		{28527D6A-4CB7-4AE7-9E98-561833460E6B}.Ad-Hoc|iPhone.Build.0 = Debug|Any CPU
		{28527D6A-4CB7-4AE7-9E98-561833460E6B}.Ad-Hoc|iPhoneSimulator.ActiveCfg = Debug|Any CPU
		{28527D6A-4CB7-4AE7-9E98-561833460E6B}.Ad-Hoc|iPhoneSimulator.Build.0 = Debug|Any CPU
		{28527D6A-4CB7-4AE7-9E98-561833460E6B}.AppStore|Any CPU.ActiveCfg = Debug|Any CPU
		{28527D6A-4CB7-4AE7-9E98-561833460E6B}.AppStore|Any CPU.Build.0 = Debug|Any CPU
		{28527D6A-4CB7-4AE7-9E98-561833460E6B}.AppStore|iPhone.ActiveCfg = Debug|Any CPU
		{28527D6A-4CB7-4AE7-9E98-561833460E6B}.AppStore|iPhone.Build.0 = Debug|Any CPU
		{28527D6A-4CB7-4AE7-9E98-561833460E6B}.AppStore|iPhoneSimulator.ActiveCfg = Debug|Any CPU
		{28527D6A-4CB7-4AE7-9E98-561833460E6B}.AppStore|iPhoneSimulator.Build.0 = Debug|Any CPU
		{28527D6A-4CB7-4AE7-9E98-561833460E6B}.Debug|Any CPU.ActiveCfg = Debug|Any CPU
		{28527D6A-4CB7-4AE7-9E98-561833460E6B}.Debug|Any CPU.Build.0 = Debug|Any CPU
		{28527D6A-4CB7-4AE7-9E98-561833460E6B}.Debug|iPhone.ActiveCfg = Debug|Any CPU
		{28527D6A-4CB7-4AE7-9E98-561833460E6B}.Debug|iPhone.Build.0 = Debug|Any CPU
		{28527D6A-4CB7-4AE7-9E98-561833460E6B}.Debug|iPhoneSimulator.ActiveCfg = Debug|Any CPU
		{28527D6A-4CB7-4AE7-9E98-561833460E6B}.Debug|iPhoneSimulator.Build.0 = Debug|Any CPU
		{28527D6A-4CB7-4AE7-9E98-561833460E6B}.Release|Any CPU.ActiveCfg = Release|Any CPU
		{28527D6A-4CB7-4AE7-9E98-561833460E6B}.Release|Any CPU.Build.0 = Release|Any CPU
		{28527D6A-4CB7-4AE7-9E98-561833460E6B}.Release|iPhone.ActiveCfg = Release|Any CPU
		{28527D6A-4CB7-4AE7-9E98-561833460E6B}.Release|iPhone.Build.0 = Release|Any CPU
		{28527D6A-4CB7-4AE7-9E98-561833460E6B}.Release|iPhoneSimulator.ActiveCfg = Release|Any CPU
		{28527D6A-4CB7-4AE7-9E98-561833460E6B}.Release|iPhoneSimulator.Build.0 = Release|Any CPU
		{D2599FAB-0CFC-4F8F-8E02-BE2AA50C8929}.Ad-Hoc|Any CPU.ActiveCfg = Debug|Any CPU
		{D2599FAB-0CFC-4F8F-8E02-BE2AA50C8929}.Ad-Hoc|Any CPU.Build.0 = Debug|Any CPU
		{D2599FAB-0CFC-4F8F-8E02-BE2AA50C8929}.Ad-Hoc|Any CPU.Deploy.0 = Debug|Any CPU
		{D2599FAB-0CFC-4F8F-8E02-BE2AA50C8929}.Ad-Hoc|iPhone.ActiveCfg = Debug|Any CPU
		{D2599FAB-0CFC-4F8F-8E02-BE2AA50C8929}.Ad-Hoc|iPhone.Build.0 = Debug|Any CPU
		{D2599FAB-0CFC-4F8F-8E02-BE2AA50C8929}.Ad-Hoc|iPhone.Deploy.0 = Debug|Any CPU
		{D2599FAB-0CFC-4F8F-8E02-BE2AA50C8929}.Ad-Hoc|iPhoneSimulator.ActiveCfg = Debug|Any CPU
		{D2599FAB-0CFC-4F8F-8E02-BE2AA50C8929}.Ad-Hoc|iPhoneSimulator.Build.0 = Debug|Any CPU
		{D2599FAB-0CFC-4F8F-8E02-BE2AA50C8929}.Ad-Hoc|iPhoneSimulator.Deploy.0 = Debug|Any CPU
		{D2599FAB-0CFC-4F8F-8E02-BE2AA50C8929}.AppStore|Any CPU.ActiveCfg = Debug|Any CPU
		{D2599FAB-0CFC-4F8F-8E02-BE2AA50C8929}.AppStore|Any CPU.Build.0 = Debug|Any CPU
		{D2599FAB-0CFC-4F8F-8E02-BE2AA50C8929}.AppStore|Any CPU.Deploy.0 = Debug|Any CPU
		{D2599FAB-0CFC-4F8F-8E02-BE2AA50C8929}.AppStore|iPhone.ActiveCfg = Debug|Any CPU
		{D2599FAB-0CFC-4F8F-8E02-BE2AA50C8929}.AppStore|iPhone.Build.0 = Debug|Any CPU
		{D2599FAB-0CFC-4F8F-8E02-BE2AA50C8929}.AppStore|iPhone.Deploy.0 = Debug|Any CPU
		{D2599FAB-0CFC-4F8F-8E02-BE2AA50C8929}.AppStore|iPhoneSimulator.ActiveCfg = Debug|Any CPU
		{D2599FAB-0CFC-4F8F-8E02-BE2AA50C8929}.AppStore|iPhoneSimulator.Build.0 = Debug|Any CPU
		{D2599FAB-0CFC-4F8F-8E02-BE2AA50C8929}.AppStore|iPhoneSimulator.Deploy.0 = Debug|Any CPU
		{D2599FAB-0CFC-4F8F-8E02-BE2AA50C8929}.Debug|Any CPU.ActiveCfg = Debug|Any CPU
		{D2599FAB-0CFC-4F8F-8E02-BE2AA50C8929}.Debug|Any CPU.Build.0 = Debug|Any CPU
		{D2599FAB-0CFC-4F8F-8E02-BE2AA50C8929}.Debug|Any CPU.Deploy.0 = Debug|Any CPU
		{D2599FAB-0CFC-4F8F-8E02-BE2AA50C8929}.Debug|iPhone.ActiveCfg = Debug|Any CPU
		{D2599FAB-0CFC-4F8F-8E02-BE2AA50C8929}.Debug|iPhone.Build.0 = Debug|Any CPU
		{D2599FAB-0CFC-4F8F-8E02-BE2AA50C8929}.Debug|iPhone.Deploy.0 = Debug|Any CPU
		{D2599FAB-0CFC-4F8F-8E02-BE2AA50C8929}.Debug|iPhoneSimulator.ActiveCfg = Debug|Any CPU
		{D2599FAB-0CFC-4F8F-8E02-BE2AA50C8929}.Debug|iPhoneSimulator.Build.0 = Debug|Any CPU
		{D2599FAB-0CFC-4F8F-8E02-BE2AA50C8929}.Debug|iPhoneSimulator.Deploy.0 = Debug|Any CPU
		{D2599FAB-0CFC-4F8F-8E02-BE2AA50C8929}.Release|Any CPU.ActiveCfg = Release|Any CPU
		{D2599FAB-0CFC-4F8F-8E02-BE2AA50C8929}.Release|Any CPU.Build.0 = Release|Any CPU
		{D2599FAB-0CFC-4F8F-8E02-BE2AA50C8929}.Release|Any CPU.Deploy.0 = Release|Any CPU
		{D2599FAB-0CFC-4F8F-8E02-BE2AA50C8929}.Release|iPhone.ActiveCfg = Release|Any CPU
		{D2599FAB-0CFC-4F8F-8E02-BE2AA50C8929}.Release|iPhone.Build.0 = Release|Any CPU
		{D2599FAB-0CFC-4F8F-8E02-BE2AA50C8929}.Release|iPhone.Deploy.0 = Release|Any CPU
		{D2599FAB-0CFC-4F8F-8E02-BE2AA50C8929}.Release|iPhoneSimulator.ActiveCfg = Release|Any CPU
		{D2599FAB-0CFC-4F8F-8E02-BE2AA50C8929}.Release|iPhoneSimulator.Build.0 = Release|Any CPU
		{D2599FAB-0CFC-4F8F-8E02-BE2AA50C8929}.Release|iPhoneSimulator.Deploy.0 = Release|Any CPU
	EndGlobalSection
	GlobalSection(SolutionProperties) = preSolution
		HideSolutionNode = FALSE
	EndGlobalSection
	GlobalSection(NestedProjects) = preSolution
		{28527D6A-4CB7-4AE7-9E98-561833460E6B} = {4DA72EBA-3BF8-416E-AA80-B2FF49619085}
		{D2599FAB-0CFC-4F8F-8E02-BE2AA50C8929} = {C352872B-5D72-4081-A29A-A8C86F5AB683}
	EndGlobalSection
	GlobalSection(ExtensibilityGlobals) = postSolution
		SolutionGuid = {69C12E65-33D6-402A-90D6-D37AB418B7C0}
	EndGlobalSection
EndGlobal
